{
    "hash": "2283d04bd31aee731f6af646cc62eaa3",
    "packages": [
        {
            "name": "pjdietz/WellRESTed",
            "version": "dev-master",
            "source": {
                "type": "git",
                "url": "https://github.com/pjdietz/WellRESTed",
                "reference": "0bae1c1b487ba09ce01b58cf04be3122f47a55be"
            },
            "require": {
                "php": ">=5.3.0"
            },
            "time": "2013-01-28 02:27:19",
            "type": "library",
            "autoload": {
                "psr-0": {
                    "pjdietz\\WellRESTed": "src/"
                }
            },
            "authors": [
                {
                    "name": "PJ Dietz",
                    "email": "pj@pjdietz.com"
                }
            ],
            "description": "Simple PHP Library for RESTful APIs",
            "homepage": "https://github.com/pjdietz/WellRESTed",
            "keywords": [
                "php",
                "rest",
                "restful",
                "api"
            ]
        }
    ],
    "packages-dev": null,
    "aliases": [

    ],
    "minimum-stability": "stable",
    "stability-flags": {
        "pjdietz/wellrested": 20
    }
}
